
Microsoft Visual Studio Solution File, Format Version 12.00
# Visual Studio 15
VisualStudioVersion = 15.0.27130.2036
MinimumVisualStudioVersion = 10.0.40219.1
Project("{8BC9CEB8-8B4A-11D0-8D11-00A0C91BC942}") = "Belu Catalin A6", "Belu Catalin A6\Belu Catalin A6.vcxproj", "{ADDF796D-CAF9-4434-B8C4-F53D0231E73B}"
EndProject
Global
	GlobalSection(SolutionConfigurationPlatforms) = preSolution
		Debug|x64 = Debug|x64
		Debug|x86 = Debug|x86
		Release|x64 = Release|x64
		Release|x86 = Release|x86
	EndGlobalSection
	GlobalSection(ProjectConfigurationPlatforms) = postSolution
		{ADDF796D-CAF9-4434-B8C4-F53D0231E73B}.Debug|x64.ActiveCfg = Debug|x64
		{ADDF796D-CAF9-4434-B8C4-F53D0231E73B}.Debug|x64.Build.0 = Debug|x64
		{ADDF796D-CAF9-4434-B8C4-F53D0231E73B}.Debug|x86.ActiveCfg = Debug|Win32
		{ADDF796D-CAF9-4434-B8C4-F53D0231E73B}.Debug|x86.Build.0 = Debug|Win32
		{ADDF796D-CAF9-4434-B8C4-F53D0231E73B}.Release|x64.ActiveCfg = Release|x64
		{ADDF796D-CAF9-4434-B8C4-F53D0231E73B}.Release|x64.Build.0 = Release|x64
		{ADDF796D-CAF9-4434-B8C4-F53D0231E73B}.Release|x86.ActiveCfg = Release|Win32
		{ADDF796D-CAF9-4434-B8C4-F53D0231E73B}.Release|x86.Build.0 = Release|Win32
	EndGlobalSection
	GlobalSection(SolutionProperties) = preSolution
		HideSolutionNode = FALSE
	EndGlobalSection
	GlobalSection(ExtensibilityGlobals) = postSolution
		SolutionGuid = {94F3F96B-3939-4564-8860-EB1DBC942F27}
	EndGlobalSection
EndGlobal
