
Microsoft Visual Studio Solution File, Format Version 12.00
# Visual Studio 15
VisualStudioVersion = 15.0.27130.2036
MinimumVisualStudioVersion = 10.0.40219.1
Project("{8BC9CEB8-8B4A-11D0-8D11-00A0C91BC942}") = "Lab 2", "Lab 2\Lab 2.vcxproj", "{E79064E2-93B4-419A-8B00-F4568ABB6E38}"
EndProject
Global
	GlobalSection(SolutionConfigurationPlatforms) = preSolution
		Debug|x64 = Debug|x64
		Debug|x86 = Debug|x86
		Release|x64 = Release|x64
		Release|x86 = Release|x86
	EndGlobalSection
	GlobalSection(ProjectConfigurationPlatforms) = postSolution
		{E79064E2-93B4-419A-8B00-F4568ABB6E38}.Debug|x64.ActiveCfg = Debug|x64
		{E79064E2-93B4-419A-8B00-F4568ABB6E38}.Debug|x64.Build.0 = Debug|x64
		{E79064E2-93B4-419A-8B00-F4568ABB6E38}.Debug|x86.ActiveCfg = Debug|Win32
		{E79064E2-93B4-419A-8B00-F4568ABB6E38}.Debug|x86.Build.0 = Debug|Win32
		{E79064E2-93B4-419A-8B00-F4568ABB6E38}.Release|x64.ActiveCfg = Release|x64
		{E79064E2-93B4-419A-8B00-F4568ABB6E38}.Release|x64.Build.0 = Release|x64
		{E79064E2-93B4-419A-8B00-F4568ABB6E38}.Release|x86.ActiveCfg = Release|Win32
		{E79064E2-93B4-419A-8B00-F4568ABB6E38}.Release|x86.Build.0 = Release|Win32
	EndGlobalSection
	GlobalSection(SolutionProperties) = preSolution
		HideSolutionNode = FALSE
	EndGlobalSection
	GlobalSection(ExtensibilityGlobals) = postSolution
		SolutionGuid = {83A3B7C5-EBD8-429F-99BF-7FE891FC4999}
	EndGlobalSection
EndGlobal
