
Microsoft Visual Studio Solution File, Format Version 12.00
# Visual Studio 15
VisualStudioVersion = 15.0.28010.2046
MinimumVisualStudioVersion = 10.0.40219.1
Project("{8BC9CEB8-8B4A-11D0-8D11-00A0C91BC942}") = "Tema2Ofc", "Tema2Ofc\Tema2Ofc.vcxproj", "{452ADB21-2104-49C3-B70B-57E50AABC650}"
EndProject
Global
	GlobalSection(SolutionConfigurationPlatforms) = preSolution
		Debug|x64 = Debug|x64
		Debug|x86 = Debug|x86
		Release|x64 = Release|x64
		Release|x86 = Release|x86
	EndGlobalSection
	GlobalSection(ProjectConfigurationPlatforms) = postSolution
		{452ADB21-2104-49C3-B70B-57E50AABC650}.Debug|x64.ActiveCfg = Debug|x64
		{452ADB21-2104-49C3-B70B-57E50AABC650}.Debug|x64.Build.0 = Debug|x64
		{452ADB21-2104-49C3-B70B-57E50AABC650}.Debug|x86.ActiveCfg = Debug|Win32
		{452ADB21-2104-49C3-B70B-57E50AABC650}.Debug|x86.Build.0 = Debug|Win32
		{452ADB21-2104-49C3-B70B-57E50AABC650}.Release|x64.ActiveCfg = Release|x64
		{452ADB21-2104-49C3-B70B-57E50AABC650}.Release|x64.Build.0 = Release|x64
		{452ADB21-2104-49C3-B70B-57E50AABC650}.Release|x86.ActiveCfg = Release|Win32
		{452ADB21-2104-49C3-B70B-57E50AABC650}.Release|x86.Build.0 = Release|Win32
	EndGlobalSection
	GlobalSection(SolutionProperties) = preSolution
		HideSolutionNode = FALSE
	EndGlobalSection
	GlobalSection(ExtensibilityGlobals) = postSolution
		SolutionGuid = {D1294F7C-F148-477D-937A-D9583BF38F60}
	EndGlobalSection
EndGlobal
