
Microsoft Visual Studio Solution File, Format Version 12.00
# Visual Studio 2013
VisualStudioVersion = 12.0.30723.0
MinimumVisualStudioVersion = 10.0.40219.1
Project("{8BC9CEB8-8B4A-11D0-8D11-00A0C91BC942}") = "AsmCmmdcImp", "AsmCmmdcImp\AsmCmmdcImp.vcxproj", "{296FE987-C5AA-472C-A4F4-4D6AD0A4814C}"
EndProject
Global
	GlobalSection(SolutionConfigurationPlatforms) = preSolution
		Debug|Win32 = Debug|Win32
		Release|Win32 = Release|Win32
	EndGlobalSection
	GlobalSection(ProjectConfigurationPlatforms) = postSolution
		{296FE987-C5AA-472C-A4F4-4D6AD0A4814C}.Debug|Win32.ActiveCfg = Debug|Win32
		{296FE987-C5AA-472C-A4F4-4D6AD0A4814C}.Debug|Win32.Build.0 = Debug|Win32
		{296FE987-C5AA-472C-A4F4-4D6AD0A4814C}.Release|Win32.ActiveCfg = Release|Win32
		{296FE987-C5AA-472C-A4F4-4D6AD0A4814C}.Release|Win32.Build.0 = Release|Win32
	EndGlobalSection
	GlobalSection(SolutionProperties) = preSolution
		HideSolutionNode = FALSE
	EndGlobalSection
EndGlobal
