
Microsoft Visual Studio Solution File, Format Version 12.00
# Visual Studio 15
VisualStudioVersion = 15.0.27130.2036
MinimumVisualStudioVersion = 10.0.40219.1
Project("{8BC9CEB8-8B4A-11D0-8D11-00A0C91BC942}") = "Lab11", "Lab11\Lab11.vcxproj", "{037048EE-F4BE-4651-B4C6-59B6B26D2512}"
EndProject
Global
	GlobalSection(SolutionConfigurationPlatforms) = preSolution
		Debug|x64 = Debug|x64
		Debug|x86 = Debug|x86
		Release|x64 = Release|x64
		Release|x86 = Release|x86
	EndGlobalSection
	GlobalSection(ProjectConfigurationPlatforms) = postSolution
		{037048EE-F4BE-4651-B4C6-59B6B26D2512}.Debug|x64.ActiveCfg = Debug|x64
		{037048EE-F4BE-4651-B4C6-59B6B26D2512}.Debug|x64.Build.0 = Debug|x64
		{037048EE-F4BE-4651-B4C6-59B6B26D2512}.Debug|x86.ActiveCfg = Debug|Win32
		{037048EE-F4BE-4651-B4C6-59B6B26D2512}.Debug|x86.Build.0 = Debug|Win32
		{037048EE-F4BE-4651-B4C6-59B6B26D2512}.Release|x64.ActiveCfg = Release|x64
		{037048EE-F4BE-4651-B4C6-59B6B26D2512}.Release|x64.Build.0 = Release|x64
		{037048EE-F4BE-4651-B4C6-59B6B26D2512}.Release|x86.ActiveCfg = Release|Win32
		{037048EE-F4BE-4651-B4C6-59B6B26D2512}.Release|x86.Build.0 = Release|Win32
	EndGlobalSection
	GlobalSection(SolutionProperties) = preSolution
		HideSolutionNode = FALSE
	EndGlobalSection
	GlobalSection(ExtensibilityGlobals) = postSolution
		SolutionGuid = {0496084E-A98F-4D84-A414-73DA665BAAD3}
	EndGlobalSection
EndGlobal
